
Microsoft Visual Studio Solution File, Format Version 12.00
# Visual Studio 15
VisualStudioVersion = 15.0.28010.2046
MinimumVisualStudioVersion = 10.0.40219.1
Project("{FAE04EC0-301F-11D3-BF4B-00C04F79EFBC}") = "ArraysExercises", "ArraysExercises\ArraysExercises.csproj", "{B6D09463-52B7-4941-9785-44C580B34016}"
EndProject
Project("{FAE04EC0-301F-11D3-BF4B-00C04F79EFBC}") = "CommonElements", "CommonElements\CommonElements.csproj", "{118BCD8E-7D66-4B8B-A62E-AB8257696045}"
EndProject
Project("{FAE04EC0-301F-11D3-BF4B-00C04F79EFBC}") = "Train", "Train\Train.csproj", "{4865EE09-66EF-4B58-930F-27E946C24F7F}"
EndProject
Project("{FAE04EC0-301F-11D3-BF4B-00C04F79EFBC}") = "ZigZagArray", "ZigZagArray\ZigZagArray.csproj", "{94772613-8FFD-444D-97EC-3EE9C3AC2FE3}"
EndProject
Project("{FAE04EC0-301F-11D3-BF4B-00C04F79EFBC}") = "ArrayRotation", "ArrayRotation\ArrayRotation.csproj", "{42BFA926-200A-4684-B6C1-13237350D854}"
EndProject
Project("{FAE04EC0-301F-11D3-BF4B-00C04F79EFBC}") = "TopIntegers", "TopIntegers\TopIntegers.csproj", "{EB9C0E54-8AD5-414B-8F73-208A3F483E66}"
EndProject
Project("{FAE04EC0-301F-11D3-BF4B-00C04F79EFBC}") = "EqualSum", "EqualSum\EqualSum.csproj", "{77CF057D-E685-4EE2-A51F-0966A8970426}"
EndProject
Global
	GlobalSection(SolutionConfigurationPlatforms) = preSolution
		Debug|Any CPU = Debug|Any CPU
		Release|Any CPU = Release|Any CPU
	EndGlobalSection
	GlobalSection(ProjectConfigurationPlatforms) = postSolution
		{B6D09463-52B7-4941-9785-44C580B34016}.Debug|Any CPU.ActiveCfg = Debug|Any CPU
		{B6D09463-52B7-4941-9785-44C580B34016}.Debug|Any CPU.Build.0 = Debug|Any CPU
		{B6D09463-52B7-4941-9785-44C580B34016}.Release|Any CPU.ActiveCfg = Release|Any CPU
		{B6D09463-52B7-4941-9785-44C580B34016}.Release|Any CPU.Build.0 = Release|Any CPU
		{118BCD8E-7D66-4B8B-A62E-AB8257696045}.Debug|Any CPU.ActiveCfg = Debug|Any CPU
		{118BCD8E-7D66-4B8B-A62E-AB8257696045}.Debug|Any CPU.Build.0 = Debug|Any CPU
		{118BCD8E-7D66-4B8B-A62E-AB8257696045}.Release|Any CPU.ActiveCfg = Release|Any CPU
		{118BCD8E-7D66-4B8B-A62E-AB8257696045}.Release|Any CPU.Build.0 = Release|Any CPU
		{4865EE09-66EF-4B58-930F-27E946C24F7F}.Debug|Any CPU.ActiveCfg = Debug|Any CPU
		{4865EE09-66EF-4B58-930F-27E946C24F7F}.Debug|Any CPU.Build.0 = Debug|Any CPU
		{4865EE09-66EF-4B58-930F-27E946C24F7F}.Release|Any CPU.ActiveCfg = Release|Any CPU
		{4865EE09-66EF-4B58-930F-27E946C24F7F}.Release|Any CPU.Build.0 = Release|Any CPU
		{94772613-8FFD-444D-97EC-3EE9C3AC2FE3}.Debug|Any CPU.ActiveCfg = Debug|Any CPU
		{94772613-8FFD-444D-97EC-3EE9C3AC2FE3}.Debug|Any CPU.Build.0 = Debug|Any CPU
		{94772613-8FFD-444D-97EC-3EE9C3AC2FE3}.Release|Any CPU.ActiveCfg = Release|Any CPU
		{94772613-8FFD-444D-97EC-3EE9C3AC2FE3}.Release|Any CPU.Build.0 = Release|Any CPU
		{42BFA926-200A-4684-B6C1-13237350D854}.Debug|Any CPU.ActiveCfg = Debug|Any CPU
		{42BFA926-200A-4684-B6C1-13237350D854}.Debug|Any CPU.Build.0 = Debug|Any CPU
		{42BFA926-200A-4684-B6C1-13237350D854}.Release|Any CPU.ActiveCfg = Release|Any CPU
		{42BFA926-200A-4684-B6C1-13237350D854}.Release|Any CPU.Build.0 = Release|Any CPU
		{EB9C0E54-8AD5-414B-8F73-208A3F483E66}.Debug|Any CPU.ActiveCfg = Debug|Any CPU
		{EB9C0E54-8AD5-414B-8F73-208A3F483E66}.Debug|Any CPU.Build.0 = Debug|Any CPU
		{EB9C0E54-8AD5-414B-8F73-208A3F483E66}.Release|Any CPU.ActiveCfg = Release|Any CPU
		{EB9C0E54-8AD5-414B-8F73-208A3F483E66}.Release|Any CPU.Build.0 = Release|Any CPU
		{77CF057D-E685-4EE2-A51F-0966A8970426}.Debug|Any CPU.ActiveCfg = Debug|Any CPU
		{77CF057D-E685-4EE2-A51F-0966A8970426}.Debug|Any CPU.Build.0 = Debug|Any CPU
		{77CF057D-E685-4EE2-A51F-0966A8970426}.Release|Any CPU.ActiveCfg = Release|Any CPU
		{77CF057D-E685-4EE2-A51F-0966A8970426}.Release|Any CPU.Build.0 = Release|Any CPU
	EndGlobalSection
	GlobalSection(SolutionProperties) = preSolution
		HideSolutionNode = FALSE
	EndGlobalSection
	GlobalSection(ExtensibilityGlobals) = postSolution
		SolutionGuid = {4E52140F-7A17-4272-BF45-50639B73D7CA}
	EndGlobalSection
EndGlobal
